{
    "_readme": [
        "This file locks the dependencies of your project to a known state",
        "Read more about it at https://getcomposer.org/doc/01-basic-usage.md#composer-lock-the-lock-file",
        "This file is @generated automatically"
    ],
    "hash": "34db008a60c68c1631a8dae4c5adcea2",
    "content-hash": "3682db79c0d6414d7d7495c0175ca628",
    "packages": [
        {
            "name": "fig/http-message-util",
            "version": "1.1.2",
            "source": {
                "type": "git",
                "url": "https://github.com/php-fig/http-message-util.git",
                "reference": "20b2c280cb6914b7b83089720df44e490f4b42f0"
            },
            "dist": {
                "type": "zip",
                "url": "https://files.phpcomposer.com/files/php-fig/http-message-util/20b2c280cb6914b7b83089720df44e490f4b42f0.zip",
                "reference": "20b2c280cb6914b7b83089720df44e490f4b42f0",
                "shasum": ""
            },
            "require": {
                "php": "^5.3 || ^7.0",
                "psr/http-message": "^1.0"
            },
            "type": "library",
            "extra": {
                "branch-alias": {
                    "dev-master": "1.1.x-dev"
                }
            },
            "autoload": {
                "psr-4": {
                    "Fig\\Http\\Message\\": "src/"
                }
            },
            "notification-url": "https://packagist.org/downloads/",
            "license": [
                "MIT"
            ],
            "authors": [
                {
                    "name": "PHP-FIG",
                    "homepage": "http://www.php-fig.org/"
                }
            ],
            "description": "Utility classes and constants for use with PSR-7 (psr/http-message)",
            "keywords": [
                "http",
                "http-message",
                "psr",
                "psr-7",
                "request",
                "response"
            ],
            "time": "2017-02-09 16:10:21"
        },
        {
            "name": "lightmoon/lightmoon",
            "version": "2.0.0",
            "source": {
                "type": "git",
                "url": "https://github.com/twn39/LightMoon.git",
                "reference": "916592c0664a83b6d8a23d49388f28e78a52cf52"
            },
            "dist": {
                "type": "zip",
                "url": "https://files.phpcomposer.com/files/twn39/LightMoon/916592c0664a83b6d8a23d49388f28e78a52cf52.zip",
                "reference": "916592c0664a83b6d8a23d49388f28e78a52cf52",
                "shasum": ""
            },
            "require": {
                "fig/http-message-util": "^1.1",
                "php": "^7.1",
                "pimple/pimple": "^3.2",
                "symfony/routing": "^4.1",
                "zendframework/zend-config": "^3.2"
            },
            "require-dev": {
                "friendsofphp/php-cs-fixer": "^2.5"
            },
            "type": "library",
            "autoload": {
                "psr-4": {
                    "LightMoon\\": "src/"
                }
            },
            "notification-url": "https://packagist.org/downloads/",
            "license": [
                "MIT"
            ],
            "authors": [
                {
                    "name": "Weinan Tang",
                    "email": "twn39@163.com",
                    "homepage": "http://www.libre.me"
                }
            ],
            "description": "A web framework build on swoole framework.",
            "homepage": "https://github.com/twn39/LightMoon",
            "keywords": [
                "microframework",
                "psr7",
                "rest",
                "router",
                "swoole"
            ],
            "time": "2018-06-21 10:07:45"
        },
        {
            "name": "pimple/pimple",
            "version": "v3.2.3",
            "source": {
                "type": "git",
                "url": "https://github.com/silexphp/Pimple.git",
                "reference": "9e403941ef9d65d20cba7d54e29fe906db42cf32"
            },
            "dist": {
                "type": "zip",
                "url": "https://files.phpcomposer.com/files/silexphp/Pimple/9e403941ef9d65d20cba7d54e29fe906db42cf32.zip",
                "reference": "9e403941ef9d65d20cba7d54e29fe906db42cf32",
                "shasum": ""
            },
            "require": {
                "php": ">=5.3.0",
                "psr/container": "^1.0"
            },
            "require-dev": {
                "symfony/phpunit-bridge": "^3.2"
            },
            "type": "library",
            "extra": {
                "branch-alias": {
                    "dev-master": "3.2.x-dev"
                }
            },
            "autoload": {
                "psr-0": {
                    "Pimple": "src/"
                }
            },
            "notification-url": "https://packagist.org/downloads/",
            "license": [
                "MIT"
            ],
            "authors": [
                {
                    "name": "Fabien Potencier",
                    "email": "fabien@symfony.com"
                }
            ],
            "description": "Pimple, a simple Dependency Injection Container",
            "homepage": "http://pimple.sensiolabs.org",
            "keywords": [
                "container",
                "dependency injection"
            ],
            "time": "2018-01-21 07:42:36"
        },
        {
            "name": "psr/container",
            "version": "1.0.0",
            "source": {
                "type": "git",
                "url": "https://github.com/php-fig/container.git",
                "reference": "b7ce3b176482dbbc1245ebf52b181af44c2cf55f"
            },
            "dist": {
                "type": "zip",
                "url": "https://files.phpcomposer.com/files/php-fig/container/b7ce3b176482dbbc1245ebf52b181af44c2cf55f.zip",
                "reference": "b7ce3b176482dbbc1245ebf52b181af44c2cf55f",
                "shasum": ""
            },
            "require": {
                "php": ">=5.3.0"
            },
            "type": "library",
            "extra": {
                "branch-alias": {
                    "dev-master": "1.0.x-dev"
                }
            },
            "autoload": {
                "psr-4": {
                    "Psr\\Container\\": "src/"
                }
            },
            "notification-url": "https://packagist.org/downloads/",
            "license": [
                "MIT"
            ],
            "authors": [
                {
                    "name": "PHP-FIG",
                    "homepage": "http://www.php-fig.org/"
                }
            ],
            "description": "Common Container Interface (PHP FIG PSR-11)",
            "homepage": "https://github.com/php-fig/container",
            "keywords": [
                "PSR-11",
                "container",
                "container-interface",
                "container-interop",
                "psr"
            ],
            "time": "2017-02-14 16:28:37"
        },
        {
            "name": "psr/http-message",
            "version": "1.0.1",
            "source": {
                "type": "git",
                "url": "https://github.com/php-fig/http-message.git",
                "reference": "f6561bf28d520154e4b0ec72be95418abe6d9363"
            },
            "dist": {
                "type": "zip",
                "url": "https://files.phpcomposer.com/files/php-fig/http-message/f6561bf28d520154e4b0ec72be95418abe6d9363.zip",
                "reference": "f6561bf28d520154e4b0ec72be95418abe6d9363",
                "shasum": ""
            },
            "require": {
                "php": ">=5.3.0"
            },
            "type": "library",
            "extra": {
                "branch-alias": {
                    "dev-master": "1.0.x-dev"
                }
            },
            "autoload": {
                "psr-4": {
                    "Psr\\Http\\Message\\": "src/"
                }
            },
            "notification-url": "https://packagist.org/downloads/",
            "license": [
                "MIT"
            ],
            "authors": [
                {
                    "name": "PHP-FIG",
                    "homepage": "http://www.php-fig.org/"
                }
            ],
            "description": "Common interface for HTTP messages",
            "homepage": "https://github.com/php-fig/http-message",
            "keywords": [
                "http",
                "http-message",
                "psr",
                "psr-7",
                "request",
                "response"
            ],
            "time": "2016-08-06 14:39:51"
        },
        {
            "name": "symfony/routing",
            "version": "v4.1.0",
            "source": {
                "type": "git",
                "url": "https://github.com/symfony/routing.git",
                "reference": "180b51c66d10f09e562c9ebc395b39aacb2cf8a2"
            },
            "dist": {
                "type": "zip",
                "url": "https://files.phpcomposer.com/files/symfony/routing/180b51c66d10f09e562c9ebc395b39aacb2cf8a2.zip",
                "reference": "180b51c66d10f09e562c9ebc395b39aacb2cf8a2",
                "shasum": ""
            },
            "require": {
                "php": "^7.1.3"
            },
            "conflict": {
                "symfony/config": "<3.4",
                "symfony/dependency-injection": "<3.4",
                "symfony/yaml": "<3.4"
            },
            "require-dev": {
                "doctrine/annotations": "~1.0",
                "doctrine/common": "~2.2",
                "psr/log": "~1.0",
                "symfony/config": "~3.4|~4.0",
                "symfony/dependency-injection": "~3.4|~4.0",
                "symfony/expression-language": "~3.4|~4.0",
                "symfony/http-foundation": "~3.4|~4.0",
                "symfony/yaml": "~3.4|~4.0"
            },
            "suggest": {
                "doctrine/annotations": "For using the annotation loader",
                "symfony/config": "For using the all-in-one router or any loader",
                "symfony/dependency-injection": "For loading routes from a service",
                "symfony/expression-language": "For using expression matching",
                "symfony/http-foundation": "For using a Symfony Request object",
                "symfony/yaml": "For using the YAML loader"
            },
            "type": "library",
            "extra": {
                "branch-alias": {
                    "dev-master": "4.1-dev"
                }
            },
            "autoload": {
                "psr-4": {
                    "Symfony\\Component\\Routing\\": ""
                },
                "exclude-from-classmap": [
                    "/Tests/"
                ]
            },
            "notification-url": "https://packagist.org/downloads/",
            "license": [
                "MIT"
            ],
            "authors": [
                {
                    "name": "Fabien Potencier",
                    "email": "fabien@symfony.com"
                },
                {
                    "name": "Symfony Community",
                    "homepage": "https://symfony.com/contributors"
                }
            ],
            "description": "Symfony Routing Component",
            "homepage": "https://symfony.com",
            "keywords": [
                "router",
                "routing",
                "uri",
                "url"
            ],
            "time": "2018-05-30 07:26:09"
        },
        {
            "name": "zendframework/zend-config",
            "version": "3.2.0",
            "source": {
                "type": "git",
                "url": "https://github.com/zendframework/zend-config.git",
                "reference": "6796f5dcba52c84ef2501d7313618989b5ef3023"
            },
            "dist": {
                "type": "zip",
                "url": "https://files.phpcomposer.com/files/zendframework/zend-config/6796f5dcba52c84ef2501d7313618989b5ef3023.zip",
                "reference": "6796f5dcba52c84ef2501d7313618989b5ef3023",
                "shasum": ""
            },
            "require": {
                "ext-json": "*",
                "php": "^5.6 || ^7.0",
                "psr/container": "^1.0",
                "zendframework/zend-stdlib": "^2.7.7 || ^3.1"
            },
            "conflict": {
                "container-interop/container-interop": "<1.2.0"
            },
            "require-dev": {
                "malukenho/docheader": "^0.1.6",
                "phpunit/phpunit": "^5.7.27 || ^6.5.8 || ^7.1.2",
                "zendframework/zend-coding-standard": "~1.0.0",
                "zendframework/zend-filter": "^2.7.2",
                "zendframework/zend-i18n": "^2.7.4",
                "zendframework/zend-servicemanager": "^2.7.8 || ^3.3"
            },
            "suggest": {
                "zendframework/zend-filter": "^2.7.2; install if you want to use the Filter processor",
                "zendframework/zend-i18n": "^2.7.4; install if you want to use the Translator processor",
                "zendframework/zend-servicemanager": "^2.7.8 || ^3.3; if you need an extensible plugin manager for use with the Config Factory"
            },
            "type": "library",
            "extra": {
                "branch-alias": {
                    "dev-master": "3.2.x-dev",
                    "dev-develop": "3.3.x-dev"
                }
            },
            "autoload": {
                "psr-4": {
                    "Zend\\Config\\": "src/"
                }
            },
            "notification-url": "https://packagist.org/downloads/",
            "license": [
                "BSD-3-Clause"
            ],
            "description": "provides a nested object property based user interface for accessing this configuration data within application code",
            "keywords": [
                "ZendFramework",
                "config",
                "zf"
            ],
            "time": "2018-04-24 19:26:44"
        },
        {
            "name": "zendframework/zend-stdlib",
            "version": "3.2.0",
            "source": {
                "type": "git",
                "url": "https://github.com/zendframework/zend-stdlib.git",
                "reference": "cd164b4a18b5d1aeb69be2c26db035b5ed6925ae"
            },
            "dist": {
                "type": "zip",
                "url": "https://files.phpcomposer.com/files/zendframework/zend-stdlib/cd164b4a18b5d1aeb69be2c26db035b5ed6925ae.zip",
                "reference": "cd164b4a18b5d1aeb69be2c26db035b5ed6925ae",
                "shasum": ""
            },
            "require": {
                "php": "^5.6 || ^7.0"
            },
            "require-dev": {
                "phpbench/phpbench": "^0.13",
                "phpunit/phpunit": "^5.7.27 || ^6.5.8 || ^7.1.2",
                "zendframework/zend-coding-standard": "~1.0.0"
            },
            "type": "library",
            "extra": {
                "branch-alias": {
                    "dev-master": "3.2.x-dev",
                    "dev-develop": "3.3.x-dev"
                }
            },
            "autoload": {
                "psr-4": {
                    "Zend\\Stdlib\\": "src/"
                }
            },
            "notification-url": "https://packagist.org/downloads/",
            "license": [
                "BSD-3-Clause"
            ],
            "description": "SPL extensions, array utilities, error handlers, and more",
            "keywords": [
                "ZendFramework",
                "stdlib",
                "zf"
            ],
            "time": "2018-04-30 13:50:40"
        }
    ],
    "packages-dev": [],
    "aliases": [],
    "minimum-stability": "stable",
    "stability-flags": [],
    "prefer-stable": false,
    "prefer-lowest": false,
    "platform": [],
    "platform-dev": []
}
